
Microsoft Visual Studio Solution File, Format Version 12.00
# Visual Studio Version 17
VisualStudioVersion = 17.8.34330.188
MinimumVisualStudioVersion = 10.0.40219.1
Project("{FAE04EC0-301F-11D3-BF4B-00C04F79EFBC}") = "MemoMoods.Android", "MemoMoods\MemoMoods.Android\MemoMoods.Android.csproj", "{9DD25CA9-68AD-4E90-9217-AD59E3CADF41}"
EndProject
Project("{FAE04EC0-301F-11D3-BF4B-00C04F79EFBC}") = "MemoMoods", "MemoMoods\MemoMoods\MemoMoods.csproj", "{2DD42EE8-C744-47E3-8D25-E7C8256D269E}"
EndProject
Global
	GlobalSection(SolutionConfigurationPlatforms) = preSolution
		Debug|Any CPU = Debug|Any CPU
		Release|Any CPU = Release|Any CPU
	EndGlobalSection
	GlobalSection(ProjectConfigurationPlatforms) = postSolution
		{9DD25CA9-68AD-4E90-9217-AD59E3CADF41}.Debug|Any CPU.ActiveCfg = Debug|Any CPU
		{9DD25CA9-68AD-4E90-9217-AD59E3CADF41}.Debug|Any CPU.Build.0 = Debug|Any CPU
		{9DD25CA9-68AD-4E90-9217-AD59E3CADF41}.Debug|Any CPU.Deploy.0 = Debug|Any CPU
		{9DD25CA9-68AD-4E90-9217-AD59E3CADF41}.Release|Any CPU.ActiveCfg = Release|Any CPU
		{9DD25CA9-68AD-4E90-9217-AD59E3CADF41}.Release|Any CPU.Build.0 = Release|Any CPU
		{9DD25CA9-68AD-4E90-9217-AD59E3CADF41}.Release|Any CPU.Deploy.0 = Release|Any CPU
		{2DD42EE8-C744-47E3-8D25-E7C8256D269E}.Debug|Any CPU.ActiveCfg = Debug|Any CPU
		{2DD42EE8-C744-47E3-8D25-E7C8256D269E}.Debug|Any CPU.Build.0 = Debug|Any CPU
		{2DD42EE8-C744-47E3-8D25-E7C8256D269E}.Debug|Any CPU.Deploy.0 = Debug|Any CPU
		{2DD42EE8-C744-47E3-8D25-E7C8256D269E}.Release|Any CPU.ActiveCfg = Release|Any CPU
		{2DD42EE8-C744-47E3-8D25-E7C8256D269E}.Release|Any CPU.Build.0 = Release|Any CPU
		{2DD42EE8-C744-47E3-8D25-E7C8256D269E}.Release|Any CPU.Deploy.0 = Release|Any CPU
	EndGlobalSection
	GlobalSection(SolutionProperties) = preSolution
		HideSolutionNode = FALSE
	EndGlobalSection
	GlobalSection(ExtensibilityGlobals) = postSolution
		SolutionGuid = {B6D28680-DE0E-4BAF-88A5-FE3AB4481D0F}
	EndGlobalSection
EndGlobal
